
Microsoft Visual Studio Solution File, Format Version 12.00
# Visual Studio Version 17
VisualStudioVersion = 17.4.33213.308
MinimumVisualStudioVersion = 10.0.40219.1
Project("{FAE04EC0-301F-11D3-BF4B-00C04F79EFBC}") = "mike_test_api", "mike_test_api.csproj", "{28597BCB-FE21-4C00-8254-8EBBAFFF87CC}"
EndProject
Global
	GlobalSection(SolutionConfigurationPlatforms) = preSolution
		Debug|Any CPU = Debug|Any CPU
		Release|Any CPU = Release|Any CPU
	EndGlobalSection
	GlobalSection(ProjectConfigurationPlatforms) = postSolution
		{28597BCB-FE21-4C00-8254-8EBBAFFF87CC}.Debug|Any CPU.ActiveCfg = Debug|Any CPU
		{28597BCB-FE21-4C00-8254-8EBBAFFF87CC}.Debug|Any CPU.Build.0 = Debug|Any CPU
		{28597BCB-FE21-4C00-8254-8EBBAFFF87CC}.Release|Any CPU.ActiveCfg = Release|Any CPU
		{28597BCB-FE21-4C00-8254-8EBBAFFF87CC}.Release|Any CPU.Build.0 = Release|Any CPU
	EndGlobalSection
	GlobalSection(SolutionProperties) = preSolution
		HideSolutionNode = FALSE
	EndGlobalSection
	GlobalSection(ExtensibilityGlobals) = postSolution
		SolutionGuid = {E5D31EE6-FF5C-4812-9EC0-CAC048DFAB7A}
	EndGlobalSection
EndGlobal
